// !$*UTF8*$!
{
	archiveVersion = 1;
	classes = {
	};
	objectVersion = 46;
	objects = {

/* Begin PBXBuildFile section */
		3AEBE0681A850DB500BC6697 /* AppDelegate.swift in Sources */ = {isa = PBXBuildFile; fileRef = 3AEBE0671A850DB500BC6697 /* AppDelegate.swift */; };
		3AEBE06A1A850DB500BC6697 /* ViewController.swift in Sources */ = {isa = PBXBuildFile; fileRef = 3AEBE0691A850DB500BC6697 /* ViewController.swift */; };
		3AEBE06D1A850DB500BC6697 /* Main.storyboard in Resources */ = {isa = PBXBuildFile; fileRef = 3AEBE06B1A850DB500BC6697 /* Main.storyboard */; };
		3AEBE06F1A850DB500BC6697 /* Images.xcassets in Resources */ = {isa = PBXBuildFile; fileRef = 3AEBE06E1A850DB500BC6697 /* Images.xcassets */; };
		3AEBE0721A850DB500BC6697 /* LaunchScreen.xib in Resources */ = {isa = PBXBuildFile; fileRef = 3AEBE0701A850DB500BC6697 /* LaunchScreen.xib */; };
		3AEBE07E1A850DB500BC6697 /* BasicsTests.swift in Sources */ = {isa = PBXBuildFile; fileRef = 3AEBE07D1A850DB500BC6697 /* BasicsTests.swift */; };
/* End PBXBuildFile section */

/* Begin PBXContainerItemProxy section */
		3AEBE0781A850DB500BC6697 /* PBXContainerItemProxy */ = {
			isa = PBXContainerItemProxy;
			containerPortal = 3AEBE05A1A850DB400BC6697 /* Project object */;
			proxyType = 1;
			remoteGlobalIDString = 3AEBE0611A850DB400BC6697;
			remoteInfo = Basics;
		};
/* End PBXContainerItemProxy section */

/* Begin PBXFileReference section */
		3AEBE0621A850DB500BC6697 /* Basics.app */ = {isa = PBXFileReference; explicitFileType = wrapper.application; includeInIndex = 0; path = Basics.app; sourceTree = BUILT_PRODUCTS_DIR; };
		3AEBE0661A850DB500BC6697 /* Info.plist */ = {isa = PBXFileReference; lastKnownFileType = text.plist.xml; path = Info.plist; sourceTree = "<group>"; };
		3AEBE0671A850DB500BC6697 /* AppDelegate.swift */ = {isa = PBXFileReference; lastKnownFileType = sourcecode.swift; path = AppDelegate.swift; sourceTree = "<group>"; };
		3AEBE0691A850DB500BC6697 /* ViewController.swift */ = {isa = PBXFileReference; lastKnownFileType = sourcecode.swift; path = ViewController.swift; sourceTree = "<group>"; };
		3AEBE06C1A850DB500BC6697 /* Base */ = {isa = PBXFileReference; lastKnownFileType = file.storyboard; name = Base; path = Base.lproj/Main.storyboard; sourceTree = "<group>"; };
		3AEBE06E1A850DB500BC6697 /* Images.xcassets */ = {isa = PBXFileReference; lastKnownFileType = folder.assetcatalog; path = Images.xcassets; sourceTree = "<group>"; };
		3AEBE0711A850DB500BC6697 /* Base */ = {isa = PBXFileReference; lastKnownFileType = file.xib; name = Base; path = Base.lproj/LaunchScreen.xib; sourceTree = "<group>"; };
		3AEBE0771A850DB500BC6697 /* BasicsTests.xctest */ = {isa = PBXFileReference; explicitFileType = wrapper.cfbundle; includeInIndex = 0; path = BasicsTests.xctest; sourceTree = BUILT_PRODUCTS_DIR; };
		3AEBE07C1A850DB500BC6697 /* Info.plist */ = {isa = PBXFileReference; lastKnownFileType = text.plist.xml; path = Info.plist; sourceTree = "<group>"; };
		3AEBE07D1A850DB500BC6697 /* BasicsTests.swift */ = {isa = PBXFileReference; lastKnownFileType = sourcecode.swift; path = BasicsTests.swift; sourceTree = "<group>"; };
/* End PBXFileReference section */

/* Begin PBXFrameworksBuildPhase section */
		3AEBE05F1A850DB400BC6697 /* Frameworks */ = {
			isa = PBXFrameworksBuildPhase;
			buildActionMask = 2147483647;
			files = (
			);
			runOnlyForDeploymentPostprocessing = 0;
		};
		3AEBE0741A850DB500BC6697 /* Frameworks */ = {
			isa = PBXFrameworksBuildPhase;
			buildActionMask = 2147483647;
			files = (
			);
			runOnlyForDeploymentPostprocessing = 0;
		};
/* End PBXFrameworksBuildPhase section */

/* Begin PBXGroup section */
		3AEBE0591A850DB400BC6697 = {
			isa = PBXGroup;
			children = (
				3AEBE0641A850DB500BC6697 /* Basics */,
				3AEBE07A1A850DB500BC6697 /* BasicsTests */,
				3AEBE0631A850DB500BC6697 /* Products */,
			);
			sourceTree = "<group>";
		};
		3AEBE0631A850DB500BC6697 /* Products */ = {
			isa = PBXGroup;
			children = (
				3AEBE0621A850DB500BC6697 /* Basics.app */,
				3AEBE0771A850DB500BC6697 /* BasicsTests.xctest */,
			);
			name = Products;
			sourceTree = "<group>";
		};
		3AEBE0641A850DB500BC6697 /* Basics */ = {
			isa = PBXGroup;
			children = (
				3AEBE0671A850DB500BC6697 /* AppDelegate.swift */,
				3AEBE0691A850DB500BC6697 /* ViewController.swift */,
				3AEBE06B1A850DB500BC6697 /* Main.storyboard */,
				3AEBE06E1A850DB500BC6697 /* Images.xcassets */,
				3AEBE0701A850DB500BC6697 /* LaunchScreen.xib */,
				3AEBE0651A850DB500BC6697 /* Supporting Files */,
			);
			path = Basics;
			sourceTree = "<group>";
		};
		3AEBE0651A850DB500BC6697 /* Supporting Files */ = {
			isa = PBXGroup;
			children = (
				3AEBE0661A850DB500BC6697 /* Info.plist */,
			);
			name = "Supporting Files";
			sourceTree = "<group>";
		};
		3AEBE07A1A850DB500BC6697 /* BasicsTests */ = {
			isa = PBXGroup;
			children = (
				3AEBE07D1A850DB500BC6697 /* BasicsTests.swift */,
				3AEBE07B1A850DB500BC6697 /* Supporting Files */,
			);
			path = BasicsTests;
			sourceTree = "<group>";
		};
		3AEBE07B1A850DB500BC6697 /* Supporting Files */ = {
			isa = PBXGroup;
			children = (
				3AEBE07C1A850DB500BC6697 /* Info.plist */,
			);
			name = "Supporting Files";
			sourceTree = "<group>";
		};
/* End PBXGroup section */

/* Begin PBXNativeTarget section */
		3AEBE0611A850DB400BC6697 /* Basics */ = {
			isa = PBXNativeTarget;
			buildConfigurationList = 3AEBE0811A850DB500BC6697 /* Build configuration list for PBXNativeTarget "Basics" */;
			buildPhases = (
				3AEBE05E1A850DB400BC6697 /* Sources */,
				3AEBE05F1A850DB400BC6697 /* Frameworks */,
				3AEBE0601A850DB400BC6697 /* Resources */,
			);
			buildRules = (
			);
			dependencies = (
			);
			name = Basics;
			productName = Basics;
			productReference = 3AEBE0621A850DB500BC6697 /* Basics.app */;
			productType = "com.apple.product-type.application";
		};
		3AEBE0761A850DB500BC6697 /* BasicsTests */ = {
			isa = PBXNativeTarget;
			buildConfigurationList = 3AEBE0841A850DB500BC6697 /* Build configuration list for PBXNativeTarget "BasicsTests" */;
			buildPhases = (
				3AEBE0731A850DB500BC6697 /* Sources */,
				3AEBE0741A850DB500BC6697 /* Frameworks */,
				3AEBE0751A850DB500BC6697 /* Resources */,
			);
			buildRules = (
			);
			dependencies = (
				3AEBE0791A850DB500BC6697 /* PBXTargetDependency */,
			);
			name = BasicsTests;
			productName = BasicsTests;
			productReference = 3AEBE0771A850DB500BC6697 /* BasicsTests.xctest */;
			productType = "com.apple.product-type.bundle.unit-test";
		};
/* End PBXNativeTarget section */

/* Begin PBXProject section */
		3AEBE05A1A850DB400BC6697 /* Project object */ = {
			isa = PBXProject;
			attributes = {
				LastUpgradeCheck = 0610;
				ORGANIZATIONNAME = "Kyle Samson";
				TargetAttributes = {
					3AEBE0611A850DB400BC6697 = {
						CreatedOnToolsVersion = 6.1.1;
						DevelopmentTeam = AQLW3EQ9EF;
					};
					3AEBE0761A850DB500BC6697 = {
						CreatedOnToolsVersion = 6.1.1;
						DevelopmentTeam = AQLW3EQ9EF;
						TestTargetID = 3AEBE0611A850DB400BC6697;
					};
				};
			};
			buildConfigurationList = 3AEBE05D1A850DB400BC6697 /* Build configuration list for PBXProject "Basics" */;
			compatibilityVersion = "Xcode 3.2";
			developmentRegion = English;
			hasScannedForEncodings = 0;
			knownRegions = (
				en,
				Base,
			);
			mainGroup = 3AEBE0591A850DB400BC6697;
			productRefGroup = 3AEBE0631A850DB500BC6697 /* Products */;
			projectDirPath = "";
			projectRoot = "";
			targets = (
				3AEBE0611A850DB400BC6697 /* Basics */,
				3AEBE0761A850DB500BC6697 /* BasicsTests */,
			);
		};
/* End PBXProject section */

/* Begin PBXResourcesBuildPhase section */
		3AEBE0601A850DB400BC6697 /* Resources */ = {
			isa = PBXResourcesBuildPhase;
			buildActionMask = 2147483647;
			files = (
				3AEBE06D1A850DB500BC6697 /* Main.storyboard in Resources */,
				3AEBE0721A850DB500BC6697 /* LaunchScreen.xib in Resources */,
				3AEBE06F1A850DB500BC6697 /* Images.xcassets in Resources */,
			);
			runOnlyForDeploymentPostprocessing = 0;
		};
		3AEBE0751A850DB500BC6697 /* Resources */ = {
			isa = PBXResourcesBuildPhase;
			buildActionMask = 2147483647;
			files = (
			);
			runOnlyForDeploymentPostprocessing = 0;
		};
/* End PBXResourcesBuildPhase section */

/* Begin PBXSourcesBuildPhase section */
		3AEBE05E1A850DB400BC6697 /* Sources */ = {
			isa = PBXSourcesBuildPhase;
			buildActionMask = 2147483647;
			files = (
				3AEBE06A1A850DB500BC6697 /* ViewController.swift in Sources */,
				3AEBE0681A850DB500BC6697 /* AppDelegate.swift in Sources */,
			);
			runOnlyForDeploymentPostprocessing = 0;
		};
		3AEBE0731A850DB500BC6697 /* Sources */ = {
			isa = PBXSourcesBuildPhase;
			buildActionMask = 2147483647;
			files = (
				3AEBE07E1A850DB500BC6697 /* BasicsTests.swift in Sources */,
			);
			runOnlyForDeploymentPostprocessing = 0;
		};
/* End PBXSourcesBuildPhase section */

/* Begin PBXTargetDependency section */
		3AEBE0791A850DB500BC6697 /* PBXTargetDependency */ = {
			isa = PBXTargetDependency;
			target = 3AEBE0611A850DB400BC6697 /* Basics */;
			targetProxy = 3AEBE0781A850DB500BC6697 /* PBXContainerItemProxy */;
		};
/* End PBXTargetDependency section */

/* Begin PBXVariantGroup section */
		3AEBE06B1A850DB500BC6697 /* Main.storyboard */ = {
			isa = PBXVariantGroup;
			children = (
				3AEBE06C1A850DB500BC6697 /* Base */,
			);
			name = Main.storyboard;
			sourceTree = "<group>";
		};
		3AEBE0701A850DB500BC6697 /* LaunchScreen.xib */ = {
			isa = PBXVariantGroup;
			children = (
				3AEBE0711A850DB500BC6697 /* Base */,
			);
			name = LaunchScreen.xib;
			sourceTree = "<group>";
		};
/* End PBXVariantGroup section */

/* Begin XCBuildConfiguration section */
		3AEBE07F1A850DB500BC6697 /* Debug */ = {
			isa = XCBuildConfiguration;
			buildSettings = {
				ALWAYS_SEARCH_USER_PATHS = NO;
				CLANG_CXX_LANGUAGE_STANDARD = "gnu++0x";
				CLANG_CXX_LIBRARY = "libc++";
				CLANG_ENABLE_MODULES = YES;
				CLANG_ENABLE_OBJC_ARC = YES;
				CLANG_WARN_BOOL_CONVERSION = YES;
				CLANG_WARN_CONSTANT_CONVERSION = YES;
				CLANG_WARN_DIRECT_OBJC_ISA_USAGE = YES_ERROR;
				CLANG_WARN_EMPTY_BODY = YES;
				CLANG_WARN_ENUM_CONVERSION = YES;
				CLANG_WARN_INT_CONVERSION = YES;
				CLANG_WARN_OBJC_ROOT_CLASS = YES_ERROR;
				CLANG_WARN_UNREACHABLE_CODE = YES;
				CLANG_WARN__DUPLICATE_METHOD_MATCH = YES;
				"CODE_SIGN_IDENTITY[sdk=iphoneos*]" = "iPhone Developer";
				COPY_PHASE_STRIP = NO;
				ENABLE_STRICT_OBJC_MSGSEND = YES;
				GCC_C_LANGUAGE_STANDARD = gnu99;
				GCC_DYNAMIC_NO_PIC = NO;
				GCC_OPTIMIZATION_LEVEL = 0;
				GCC_PREPROCESSOR_DEFINITIONS = (
					"DEBUG=1",
					"$(inherited)",
				);
				GCC_SYMBOLS_PRIVATE_EXTERN = NO;
				GCC_WARN_64_TO_32_BIT_CONVERSION = YES;
				GCC_WARN_ABOUT_RETURN_TYPE = YES_ERROR;
				GCC_WARN_UNDECLARED_SELECTOR = YES;
				GCC_WARN_UNINITIALIZED_AUTOS = YES_AGGRESSIVE;
				GCC_WARN_UNUSED_FUNCTION = YES;
				GCC_WARN_UNUSED_VARIABLE = YES;
				IPHONEOS_DEPLOYMENT_TARGET = 8.1;
				MTL_ENABLE_DEBUG_INFO = YES;
				ONLY_ACTIVE_ARCH = YES;
				SDKROOT = iphoneos;
				SWIFT_OPTIMIZATION_LEVEL = "-Onone";
			};
			name = Debug;
		};
		3AEBE0801A850DB500BC6697 /* Release */ = {
			isa = XCBuildConfiguration;
			buildSettings = {
				ALWAYS_SEARCH_USER_PATHS = NO;
				CLANG_CXX_LANGUAGE_STANDARD = "gnu++0x";
				CLANG_CXX_LIBRARY = "libc++";
				CLANG_ENABLE_MODULES = YES;
				CLANG_ENABLE_OBJC_ARC = YES;
				CLANG_WARN_BOOL_CONVERSION = YES;
				CLANG_WARN_CONSTANT_CONVERSION = YES;
				CLANG_WARN_DIRECT_OBJC_ISA_USAGE = YES_ERROR;
				CLANG_WARN_EMPTY_BODY = YES;
				CLANG_WARN_ENUM_CONVERSION = YES;
				CLANG_WARN_INT_CONVERSION = YES;
				CLANG_WARN_OBJC_ROOT_CLASS = YES_ERROR;
				CLANG_WARN_UNREACHABLE_CODE = YES;
				CLANG_WARN__DUPLICATE_METHOD_MATCH = YES;
				"CODE_SIGN_IDENTITY[sdk=iphoneos*]" = "iPhone Developer";
				COPY_PHASE_STRIP = YES;
				ENABLE_NS_ASSERTIONS = NO;
				ENABLE_STRICT_OBJC_MSGSEND = YES;
				GCC_C_LANGUAGE_STANDARD = gnu99;
				GCC_WARN_64_TO_32_BIT_CONVERSION = YES;
				GCC_WARN_ABOUT_RETURN_TYPE = YES_ERROR;
				GCC_WARN_UNDECLARED_SELECTOR = YES;
				GCC_WARN_UNINITIALIZED_AUTOS = YES_AGGRESSIVE;
				GCC_WARN_UNUSED_FUNCTION = YES;
				GCC_WARN_UNUSED_VARIABLE = YES;
				IPHONEOS_DEPLOYMENT_TARGET = 8.1;
				MTL_ENABLE_DEBUG_INFO = NO;
				SDKROOT = iphoneos;
				VALIDATE_PRODUCT = YES;
			};
			name = Release;
		};
		3AEBE0821A850DB500BC6697 /* Debug */ = {
			isa = XCBuildConfiguration;
			buildSettings = {
				ASSETCATALOG_COMPILER_APPICON_NAME = AppIcon;
				INFOPLIST_FILE = Basics/Info.plist;
				IPHONEOS_DEPLOYMENT_TARGET = 7.0;
				LD_RUNPATH_SEARCH_PATHS = "$(inherited) @executable_path/Frameworks";
				PRODUCT_NAME = "$(TARGET_NAME)";
			};
			name = Debug;
		};
		3AEBE0831A850DB500BC6697 /* Release */ = {
			isa = XCBuildConfiguration;
			buildSettings = {
				ASSETCATALOG_COMPILER_APPICON_NAME = AppIcon;
				INFOPLIST_FILE = Basics/Info.plist;
				IPHONEOS_DEPLOYMENT_TARGET = 7.0;
				LD_RUNPATH_SEARCH_PATHS = "$(inherited) @executable_path/Frameworks";
				PRODUCT_NAME = "$(TARGET_NAME)";
			};
			name = Release;
		};
		3AEBE0851A850DB500BC6697 /* Debug */ = {
			isa = XCBuildConfiguration;
			buildSettings = {
				BUNDLE_LOADER = "$(TEST_HOST)";
				CODE_SIGN_IDENTITY = "iPhone Developer";
				"CODE_SIGN_IDENTITY[sdk=iphoneos*]" = "iPhone Developer";
				FRAMEWORK_SEARCH_PATHS = (
					"$(SDKROOT)/Developer/Library/Frameworks",
					"$(inherited)",
				);
				GCC_PREPROCESSOR_DEFINITIONS = (
					"DEBUG=1",
					"$(inherited)",
				);
				INFOPLIST_FILE = BasicsTests/Info.plist;
				LD_RUNPATH_SEARCH_PATHS = "$(inherited) @executable_path/Frameworks @loader_path/Frameworks";
				PRODUCT_NAME = "$(TARGET_NAME)";
				PROVISIONING_PROFILE = "";
				TEST_HOST = "$(BUILT_PRODUCTS_DIR)/Basics.app/Basics";
			};
			name = Debug;
		};
		3AEBE0861A850DB500BC6697 /* Release */ = {
			isa = XCBuildConfiguration;
			buildSettings = {
				BUNDLE_LOADER = "$(TEST_HOST)";
				CODE_SIGN_IDENTITY = "iPhone Developer";
				"CODE_SIGN_IDENTITY[sdk=iphoneos*]" = "iPhone Developer";
				FRAMEWORK_SEARCH_PATHS = (
					"$(SDKROOT)/Developer/Library/Frameworks",
					"$(inherited)",
				);
				INFOPLIST_FILE = BasicsTests/Info.plist;
				LD_RUNPATH_SEARCH_PATHS = "$(inherited) @executable_path/Frameworks @loader_path/Frameworks";
				PRODUCT_NAME = "$(TARGET_NAME)";
				PROVISIONING_PROFILE = "";
				TEST_HOST = "$(BUILT_PRODUCTS_DIR)/Basics.app/Basics";
			};
			name = Release;
		};
/* End XCBuildConfiguration section */

/* Begin XCConfigurationList section */
		3AEBE05D1A850DB400BC6697 /* Build configuration list for PBXProject "Basics" */ = {
			isa = XCConfigurationList;
			buildConfigurations = (
				3AEBE07F1A850DB500BC6697 /* Debug */,
				3AEBE0801A850DB500BC6697 /* Release */,
			);
			defaultConfigurationIsVisible = 0;
			defaultConfigurationName = Release;
		};
		3AEBE0811A850DB500BC6697 /* Build configuration list for PBXNativeTarget "Basics" */ = {
			isa = XCConfigurationList;
			buildConfigurations = (
				3AEBE0821A850DB500BC6697 /* Debug */,
				3AEBE0831A850DB500BC6697 /* Release */,
			);
			defaultConfigurationIsVisible = 0;
		};
		3AEBE0841A850DB500BC6697 /* Build configuration list for PBXNativeTarget "BasicsTests" */ = {
			isa = XCConfigurationList;
			buildConfigurations = (
				3AEBE0851A850DB500BC6697 /* Debug */,
				3AEBE0861A850DB500BC6697 /* Release */,
			);
			defaultConfigurationIsVisible = 0;
		};
/* End XCConfigurationList section */
	};
	rootObject = 3AEBE05A1A850DB400BC6697 /* Project object */;
}
